// !$*UTF8*$!
{
	archiveVersion = 1;
	classes = {
	};
	objectVersion = 77;
	objects = {

/* Begin PBXBuildFile section */
		EB8D34402F53620C00A8E337 /* ComposableArchitecture in Frameworks */ = {isa = PBXBuildFile; productRef = EB8D343F2F53620C00A8E337 /* ComposableArchitecture */; };
		EB8D34692F53733D00A8E337 /* ClientModule in Frameworks */ = {isa = PBXBuildFile; productRef = EB8D34682F53733D00A8E337 /* ClientModule */; };
		EB8D346D2F53733E00A8E337 /* FeatureModule in Frameworks */ = {isa = PBXBuildFile; productRef = EB8D346C2F53733E00A8E337 /* FeatureModule */; };
		EB8D34732F53794F00A8E337 /* InterfaceModule in Frameworks */ = {isa = PBXBuildFile; productRef = EB8D34722F53794F00A8E337 /* InterfaceModule */; };
		EB8D348B2F53798500A8E337 /* ImplementationModule in Frameworks */ = {isa = PBXBuildFile; productRef = EB8D348A2F53798500A8E337 /* ImplementationModule */; };
/* End PBXBuildFile section */

/* Begin PBXContainerItemProxy section */
		EB8D34222F5361B100A8E337 /* PBXContainerItemProxy */ = {
			isa = PBXContainerItemProxy;
			containerPortal = EB8D340C2F5361B000A8E337 /* Project object */;
			proxyType = 1;
			remoteGlobalIDString = EB8D34132F5361B000A8E337;
			remoteInfo = DiSample;
		};
		EB8D342C2F5361B100A8E337 /* PBXContainerItemProxy */ = {
			isa = PBXContainerItemProxy;
			containerPortal = EB8D340C2F5361B000A8E337 /* Project object */;
			proxyType = 1;
			remoteGlobalIDString = EB8D34132F5361B000A8E337;
			remoteInfo = DiSample;
		};
/* End PBXContainerItemProxy section */

/* Begin PBXFileReference section */
		EB8D34142F5361B000A8E337 /* DiSample.app */ = {isa = PBXFileReference; explicitFileType = wrapper.application; includeInIndex = 0; path = DiSample.app; sourceTree = BUILT_PRODUCTS_DIR; };
		EB8D34212F5361B100A8E337 /* DiSampleTests.xctest */ = {isa = PBXFileReference; explicitFileType = wrapper.cfbundle; includeInIndex = 0; path = DiSampleTests.xctest; sourceTree = BUILT_PRODUCTS_DIR; };
		EB8D342B2F5361B100A8E337 /* DiSampleUITests.xctest */ = {isa = PBXFileReference; explicitFileType = wrapper.cfbundle; includeInIndex = 0; path = DiSampleUITests.xctest; sourceTree = BUILT_PRODUCTS_DIR; };
/* End PBXFileReference section */

/* Begin PBXFileSystemSynchronizedBuildFileExceptionSet section */
		EB8D34652F53732200A8E337 /* Exceptions for "DiSample" folder in "DiSample" target */ = {
			isa = PBXFileSystemSynchronizedBuildFileExceptionSet;
			membershipExceptions = (
				ClientModule,
				FeatureModule,
			);
			target = EB8D34132F5361B000A8E337 /* DiSample */;
		};
/* End PBXFileSystemSynchronizedBuildFileExceptionSet section */

/* Begin PBXFileSystemSynchronizedRootGroup section */
		EB8D34162F5361B000A8E337 /* DiSample */ = {
			isa = PBXFileSystemSynchronizedRootGroup;
			exceptions = (
				EB8D34652F53732200A8E337 /* Exceptions for "DiSample" folder in "DiSample" target */,
			);
			path = DiSample;
			sourceTree = "<group>";
		};
		EB8D34242F5361B100A8E337 /* DiSampleTests */ = {
			isa = PBXFileSystemSynchronizedRootGroup;
			path = DiSampleTests;
			sourceTree = "<group>";
		};
		EB8D342E2F5361B100A8E337 /* DiSampleUITests */ = {
			isa = PBXFileSystemSynchronizedRootGroup;
			path = DiSampleUITests;
			sourceTree = "<group>";
		};
/* End PBXFileSystemSynchronizedRootGroup section */

/* Begin PBXFrameworksBuildPhase section */
		EB8D34112F5361B000A8E337 /* Frameworks */ = {
			isa = PBXFrameworksBuildPhase;
			buildActionMask = 2147483647;
			files = (
				EB8D348B2F53798500A8E337 /* ImplementationModule in Frameworks */,
				EB8D34732F53794F00A8E337 /* InterfaceModule in Frameworks */,
				EB8D34402F53620C00A8E337 /* ComposableArchitecture in Frameworks */,
				EB8D34692F53733D00A8E337 /* ClientModule in Frameworks */,
				EB8D346D2F53733E00A8E337 /* FeatureModule in Frameworks */,
			);
			runOnlyForDeploymentPostprocessing = 0;
		};
		EB8D341E2F5361B100A8E337 /* Frameworks */ = {
			isa = PBXFrameworksBuildPhase;
			buildActionMask = 2147483647;
			files = (
			);
			runOnlyForDeploymentPostprocessing = 0;
		};
		EB8D34282F5361B100A8E337 /* Frameworks */ = {
			isa = PBXFrameworksBuildPhase;
			buildActionMask = 2147483647;
			files = (
			);
			runOnlyForDeploymentPostprocessing = 0;
		};
/* End PBXFrameworksBuildPhase section */

/* Begin PBXGroup section */
		EB8D340B2F5361B000A8E337 = {
			isa = PBXGroup;
			children = (
				EB8D34162F5361B000A8E337 /* DiSample */,
				EB8D34242F5361B100A8E337 /* DiSampleTests */,
				EB8D342E2F5361B100A8E337 /* DiSampleUITests */,
				EB8D34672F53733D00A8E337 /* Frameworks */,
				EB8D34152F5361B000A8E337 /* Products */,
			);
			sourceTree = "<group>";
		};
		EB8D34152F5361B000A8E337 /* Products */ = {
			isa = PBXGroup;
			children = (
				EB8D34142F5361B000A8E337 /* DiSample.app */,
				EB8D34212F5361B100A8E337 /* DiSampleTests.xctest */,
				EB8D342B2F5361B100A8E337 /* DiSampleUITests.xctest */,
			);
			name = Products;
			sourceTree = "<group>";
		};
		EB8D34672F53733D00A8E337 /* Frameworks */ = {
			isa = PBXGroup;
			children = (
			);
			name = Frameworks;
			sourceTree = "<group>";
		};
/* End PBXGroup section */

/* Begin PBXNativeTarget section */
		EB8D34132F5361B000A8E337 /* DiSample */ = {
			isa = PBXNativeTarget;
			buildConfigurationList = EB8D34352F5361B100A8E337 /* Build configuration list for PBXNativeTarget "DiSample" */;
			buildPhases = (
				EB8D34102F5361B000A8E337 /* Sources */,
				EB8D34112F5361B000A8E337 /* Frameworks */,
				EB8D34122F5361B000A8E337 /* Resources */,
			);
			buildRules = (
			);
			dependencies = (
			);
			fileSystemSynchronizedGroups = (
				EB8D34162F5361B000A8E337 /* DiSample */,
			);
			name = DiSample;
			packageProductDependencies = (
				EB8D343F2F53620C00A8E337 /* ComposableArchitecture */,
				EB8D34682F53733D00A8E337 /* ClientModule */,
				EB8D346C2F53733E00A8E337 /* FeatureModule */,
				EB8D34722F53794F00A8E337 /* InterfaceModule */,
				EB8D348A2F53798500A8E337 /* ImplementationModule */,
			);
			productName = DiSample;
			productReference = EB8D34142F5361B000A8E337 /* DiSample.app */;
			productType = "com.apple.product-type.application";
		};
		EB8D34202F5361B100A8E337 /* DiSampleTests */ = {
			isa = PBXNativeTarget;
			buildConfigurationList = EB8D34382F5361B100A8E337 /* Build configuration list for PBXNativeTarget "DiSampleTests" */;
			buildPhases = (
				EB8D341D2F5361B100A8E337 /* Sources */,
				EB8D341E2F5361B100A8E337 /* Frameworks */,
				EB8D341F2F5361B100A8E337 /* Resources */,
			);
			buildRules = (
			);
			dependencies = (
				EB8D34232F5361B100A8E337 /* PBXTargetDependency */,
			);
			fileSystemSynchronizedGroups = (
				EB8D34242F5361B100A8E337 /* DiSampleTests */,
			);
			name = DiSampleTests;
			packageProductDependencies = (
			);
			productName = DiSampleTests;
			productReference = EB8D34212F5361B100A8E337 /* DiSampleTests.xctest */;
			productType = "com.apple.product-type.bundle.unit-test";
		};
		EB8D342A2F5361B100A8E337 /* DiSampleUITests */ = {
			isa = PBXNativeTarget;
			buildConfigurationList = EB8D343B2F5361B100A8E337 /* Build configuration list for PBXNativeTarget "DiSampleUITests" */;
			buildPhases = (
				EB8D34272F5361B100A8E337 /* Sources */,
				EB8D34282F5361B100A8E337 /* Frameworks */,
				EB8D34292F5361B100A8E337 /* Resources */,
			);
			buildRules = (
			);
			dependencies = (
				EB8D342D2F5361B100A8E337 /* PBXTargetDependency */,
			);
			fileSystemSynchronizedGroups = (
				EB8D342E2F5361B100A8E337 /* DiSampleUITests */,
			);
			name = DiSampleUITests;
			packageProductDependencies = (
			);
			productName = DiSampleUITests;
			productReference = EB8D342B2F5361B100A8E337 /* DiSampleUITests.xctest */;
			productType = "com.apple.product-type.bundle.ui-testing";
		};
/* End PBXNativeTarget section */

/* Begin PBXProject section */
		EB8D340C2F5361B000A8E337 /* Project object */ = {
			isa = PBXProject;
			attributes = {
				BuildIndependentTargetsInParallel = 1;
				LastSwiftUpdateCheck = 2620;
				LastUpgradeCheck = 2620;
				TargetAttributes = {
					EB8D34132F5361B000A8E337 = {
						CreatedOnToolsVersion = 26.2;
					};
					EB8D34202F5361B100A8E337 = {
						CreatedOnToolsVersion = 26.2;
						TestTargetID = EB8D34132F5361B000A8E337;
					};
					EB8D342A2F5361B100A8E337 = {
						CreatedOnToolsVersion = 26.2;
						TestTargetID = EB8D34132F5361B000A8E337;
					};
				};
			};
			buildConfigurationList = EB8D340F2F5361B000A8E337 /* Build configuration list for PBXProject "DiSample" */;
			developmentRegion = en;
			hasScannedForEncodings = 0;
			knownRegions = (
				en,
				Base,
			);
			mainGroup = EB8D340B2F5361B000A8E337;
			minimizedProjectReferenceProxies = 1;
			packageReferences = (
				EB8D343E2F53620C00A8E337 /* XCRemoteSwiftPackageReference "swift-composable-architecture" */,
			);
			preferredProjectObjectVersion = 77;
			productRefGroup = EB8D34152F5361B000A8E337 /* Products */;
			projectDirPath = "";
			projectRoot = "";
			targets = (
				EB8D34132F5361B000A8E337 /* DiSample */,
				EB8D34202F5361B100A8E337 /* DiSampleTests */,
				EB8D342A2F5361B100A8E337 /* DiSampleUITests */,
			);
		};
/* End PBXProject section */

/* Begin PBXResourcesBuildPhase section */
		EB8D34122F5361B000A8E337 /* Resources */ = {
			isa = PBXResourcesBuildPhase;
			buildActionMask = 2147483647;
			files = (
			);
			runOnlyForDeploymentPostprocessing = 0;
		};
		EB8D341F2F5361B100A8E337 /* Resources */ = {
			isa = PBXResourcesBuildPhase;
			buildActionMask = 2147483647;
			files = (
			);
			runOnlyForDeploymentPostprocessing = 0;
		};
		EB8D34292F5361B100A8E337 /* Resources */ = {
			isa = PBXResourcesBuildPhase;
			buildActionMask = 2147483647;
			files = (
			);
			runOnlyForDeploymentPostprocessing = 0;
		};
/* End PBXResourcesBuildPhase section */

/* Begin PBXSourcesBuildPhase section */
		EB8D34102F5361B000A8E337 /* Sources */ = {
			isa = PBXSourcesBuildPhase;
			buildActionMask = 2147483647;
			files = (
			);
			runOnlyForDeploymentPostprocessing = 0;
		};
		EB8D341D2F5361B100A8E337 /* Sources */ = {
			isa = PBXSourcesBuildPhase;
			buildActionMask = 2147483647;
			files = (
			);
			runOnlyForDeploymentPostprocessing = 0;
		};
		EB8D34272F5361B100A8E337 /* Sources */ = {
			isa = PBXSourcesBuildPhase;
			buildActionMask = 2147483647;
			files = (
			);
			runOnlyForDeploymentPostprocessing = 0;
		};
/* End PBXSourcesBuildPhase section */

/* Begin PBXTargetDependency section */
		EB8D34232F5361B100A8E337 /* PBXTargetDependency */ = {
			isa = PBXTargetDependency;
			target = EB8D34132F5361B000A8E337 /* DiSample */;
			targetProxy = EB8D34222F5361B100A8E337 /* PBXContainerItemProxy */;
		};
		EB8D342D2F5361B100A8E337 /* PBXTargetDependency */ = {
			isa = PBXTargetDependency;
			target = EB8D34132F5361B000A8E337 /* DiSample */;
			targetProxy = EB8D342C2F5361B100A8E337 /* PBXContainerItemProxy */;
		};
/* End PBXTargetDependency section */

/* Begin XCBuildConfiguration section */
		EB8D34332F5361B100A8E337 /* Debug */ = {
			isa = XCBuildConfiguration;
			buildSettings = {
				ALWAYS_SEARCH_USER_PATHS = NO;
				ASSETCATALOG_COMPILER_GENERATE_SWIFT_ASSET_SYMBOL_EXTENSIONS = YES;
				CLANG_ANALYZER_NONNULL = YES;
				CLANG_ANALYZER_NUMBER_OBJECT_CONVERSION = YES_AGGRESSIVE;
				CLANG_CXX_LANGUAGE_STANDARD = "gnu++20";
				CLANG_ENABLE_MODULES = YES;
				CLANG_ENABLE_OBJC_ARC = YES;
				CLANG_ENABLE_OBJC_WEAK = YES;
				CLANG_WARN_BLOCK_CAPTURE_AUTORELEASING = YES;
				CLANG_WARN_BOOL_CONVERSION = YES;
				CLANG_WARN_COMMA = YES;
				CLANG_WARN_CONSTANT_CONVERSION = YES;
				CLANG_WARN_DEPRECATED_OBJC_IMPLEMENTATIONS = YES;
				CLANG_WARN_DIRECT_OBJC_ISA_USAGE = YES_ERROR;
				CLANG_WARN_DOCUMENTATION_COMMENTS = YES;
				CLANG_WARN_EMPTY_BODY = YES;
				CLANG_WARN_ENUM_CONVERSION = YES;
				CLANG_WARN_INFINITE_RECURSION = YES;
				CLANG_WARN_INT_CONVERSION = YES;
				CLANG_WARN_NON_LITERAL_NULL_CONVERSION = YES;
				CLANG_WARN_OBJC_IMPLICIT_RETAIN_SELF = YES;
				CLANG_WARN_OBJC_LITERAL_CONVERSION = YES;
				CLANG_WARN_OBJC_ROOT_CLASS = YES_ERROR;
				CLANG_WARN_QUOTED_INCLUDE_IN_FRAMEWORK_HEADER = YES;
				CLANG_WARN_RANGE_LOOP_ANALYSIS = YES;
				CLANG_WARN_STRICT_PROTOTYPES = YES;
				CLANG_WARN_SUSPICIOUS_MOVE = YES;
				CLANG_WARN_UNGUARDED_AVAILABILITY = YES_AGGRESSIVE;
				CLANG_WARN_UNREACHABLE_CODE = YES;
				CLANG_WARN__DUPLICATE_METHOD_MATCH = YES;
				COPY_PHASE_STRIP = NO;
				DEBUG_INFORMATION_FORMAT = dwarf;
				ENABLE_STRICT_OBJC_MSGSEND = YES;
				ENABLE_TESTABILITY = YES;
				ENABLE_USER_SCRIPT_SANDBOXING = YES;
				GCC_C_LANGUAGE_STANDARD = gnu17;
				GCC_DYNAMIC_NO_PIC = NO;
				GCC_NO_COMMON_BLOCKS = YES;
				GCC_OPTIMIZATION_LEVEL = 0;
				GCC_PREPROCESSOR_DEFINITIONS = (
					"DEBUG=1",
					"$(inherited)",
				);
				GCC_WARN_64_TO_32_BIT_CONVERSION = YES;
				GCC_WARN_ABOUT_RETURN_TYPE = YES_ERROR;
				GCC_WARN_UNDECLARED_SELECTOR = YES;
				GCC_WARN_UNINITIALIZED_AUTOS = YES_AGGRESSIVE;
				GCC_WARN_UNUSED_FUNCTION = YES;
				GCC_WARN_UNUSED_VARIABLE = YES;
				IPHONEOS_DEPLOYMENT_TARGET = 26.2;
				LOCALIZATION_PREFERS_STRING_CATALOGS = YES;
				MTL_ENABLE_DEBUG_INFO = INCLUDE_SOURCE;
				MTL_FAST_MATH = YES;
				ONLY_ACTIVE_ARCH = YES;
				SDKROOT = iphoneos;
				SWIFT_ACTIVE_COMPILATION_CONDITIONS = "DEBUG $(inherited)";
				SWIFT_OPTIMIZATION_LEVEL = "-Onone";
			};
			name = Debug;
		};
		EB8D34342F5361B100A8E337 /* Release */ = {
			isa = XCBuildConfiguration;
			buildSettings = {
				ALWAYS_SEARCH_USER_PATHS = NO;
				ASSETCATALOG_COMPILER_GENERATE_SWIFT_ASSET_SYMBOL_EXTENSIONS = YES;
				CLANG_ANALYZER_NONNULL = YES;
				CLANG_ANALYZER_NUMBER_OBJECT_CONVERSION = YES_AGGRESSIVE;
				CLANG_CXX_LANGUAGE_STANDARD = "gnu++20";
				CLANG_ENABLE_MODULES = YES;
				CLANG_ENABLE_OBJC_ARC = YES;
				CLANG_ENABLE_OBJC_WEAK = YES;
				CLANG_WARN_BLOCK_CAPTURE_AUTORELEASING = YES;
				CLANG_WARN_BOOL_CONVERSION = YES;
				CLANG_WARN_COMMA = YES;
				CLANG_WARN_CONSTANT_CONVERSION = YES;
				CLANG_WARN_DEPRECATED_OBJC_IMPLEMENTATIONS = YES;
				CLANG_WARN_DIRECT_OBJC_ISA_USAGE = YES_ERROR;
				CLANG_WARN_DOCUMENTATION_COMMENTS = YES;
				CLANG_WARN_EMPTY_BODY = YES;
				CLANG_WARN_ENUM_CONVERSION = YES;
				CLANG_WARN_INFINITE_RECURSION = YES;
				CLANG_WARN_INT_CONVERSION = YES;
				CLANG_WARN_NON_LITERAL_NULL_CONVERSION = YES;
				CLANG_WARN_OBJC_IMPLICIT_RETAIN_SELF = YES;
				CLANG_WARN_OBJC_LITERAL_CONVERSION = YES;
				CLANG_WARN_OBJC_ROOT_CLASS = YES_ERROR;
				CLANG_WARN_QUOTED_INCLUDE_IN_FRAMEWORK_HEADER = YES;
				CLANG_WARN_RANGE_LOOP_ANALYSIS = YES;
				CLANG_WARN_STRICT_PROTOTYPES = YES;
				CLANG_WARN_SUSPICIOUS_MOVE = YES;
				CLANG_WARN_UNGUARDED_AVAILABILITY = YES_AGGRESSIVE;
				CLANG_WARN_UNREACHABLE_CODE = YES;
				CLANG_WARN__DUPLICATE_METHOD_MATCH = YES;
				COPY_PHASE_STRIP = NO;
				DEBUG_INFORMATION_FORMAT = "dwarf-with-dsym";
				ENABLE_NS_ASSERTIONS = NO;
				ENABLE_STRICT_OBJC_MSGSEND = YES;
				ENABLE_USER_SCRIPT_SANDBOXING = YES;
				GCC_C_LANGUAGE_STANDARD = gnu17;
				GCC_NO_COMMON_BLOCKS = YES;
				GCC_WARN_64_TO_32_BIT_CONVERSION = YES;
				GCC_WARN_ABOUT_RETURN_TYPE = YES_ERROR;
				GCC_WARN_UNDECLARED_SELECTOR = YES;
				GCC_WARN_UNINITIALIZED_AUTOS = YES_AGGRESSIVE;
				GCC_WARN_UNUSED_FUNCTION = YES;
				GCC_WARN_UNUSED_VARIABLE = YES;
				IPHONEOS_DEPLOYMENT_TARGET = 26.2;
				LOCALIZATION_PREFERS_STRING_CATALOGS = YES;
				MTL_ENABLE_DEBUG_INFO = NO;
				MTL_FAST_MATH = YES;
				SDKROOT = iphoneos;
				SWIFT_COMPILATION_MODE = wholemodule;
				VALIDATE_PRODUCT = YES;
			};
			name = Release;
		};
		EB8D34362F5361B100A8E337 /* Debug */ = {
			isa = XCBuildConfiguration;
			buildSettings = {
				ASSETCATALOG_COMPILER_APPICON_NAME = AppIcon;
				ASSETCATALOG_COMPILER_GLOBAL_ACCENT_COLOR_NAME = AccentColor;
				CODE_SIGN_STYLE = Automatic;
				CURRENT_PROJECT_VERSION = 1;
				ENABLE_PREVIEWS = YES;
				GENERATE_INFOPLIST_FILE = YES;
				INFOPLIST_KEY_UIApplicationSceneManifest_Generation = YES;
				INFOPLIST_KEY_UIApplicationSupportsIndirectInputEvents = YES;
				INFOPLIST_KEY_UILaunchScreen_Generation = YES;
				INFOPLIST_KEY_UISupportedInterfaceOrientations_iPad = "UIInterfaceOrientationPortrait UIInterfaceOrientationPortraitUpsideDown UIInterfaceOrientationLandscapeLeft UIInterfaceOrientationLandscapeRight";
				INFOPLIST_KEY_UISupportedInterfaceOrientations_iPhone = "UIInterfaceOrientationPortrait UIInterfaceOrientationLandscapeLeft UIInterfaceOrientationLandscapeRight";
				LD_RUNPATH_SEARCH_PATHS = (
					"$(inherited)",
					"@executable_path/Frameworks",
				);
				MARKETING_VERSION = 1.0;
				PRODUCT_BUNDLE_IDENTIFIER = ya.komainu.app.DiSample;
				PRODUCT_NAME = "$(TARGET_NAME)";
				STRING_CATALOG_GENERATE_SYMBOLS = YES;
				SWIFT_APPROACHABLE_CONCURRENCY = YES;
				SWIFT_DEFAULT_ACTOR_ISOLATION = MainActor;
				SWIFT_EMIT_LOC_STRINGS = YES;
				SWIFT_UPCOMING_FEATURE_MEMBER_IMPORT_VISIBILITY = YES;
				SWIFT_VERSION = 5.0;
				TARGETED_DEVICE_FAMILY = "1,2";
			};
			name = Debug;
		};
		EB8D34372F5361B100A8E337 /* Release */ = {
			isa = XCBuildConfiguration;
			buildSettings = {
				ASSETCATALOG_COMPILER_APPICON_NAME = AppIcon;
				ASSETCATALOG_COMPILER_GLOBAL_ACCENT_COLOR_NAME = AccentColor;
				CODE_SIGN_STYLE = Automatic;
				CURRENT_PROJECT_VERSION = 1;
				ENABLE_PREVIEWS = YES;
				GENERATE_INFOPLIST_FILE = YES;
				INFOPLIST_KEY_UIApplicationSceneManifest_Generation = YES;
				INFOPLIST_KEY_UIApplicationSupportsIndirectInputEvents = YES;
				INFOPLIST_KEY_UILaunchScreen_Generation = YES;
				INFOPLIST_KEY_UISupportedInterfaceOrientations_iPad = "UIInterfaceOrientationPortrait UIInterfaceOrientationPortraitUpsideDown UIInterfaceOrientationLandscapeLeft UIInterfaceOrientationLandscapeRight";
				INFOPLIST_KEY_UISupportedInterfaceOrientations_iPhone = "UIInterfaceOrientationPortrait UIInterfaceOrientationLandscapeLeft UIInterfaceOrientationLandscapeRight";
				LD_RUNPATH_SEARCH_PATHS = (
					"$(inherited)",
					"@executable_path/Frameworks",
				);
				MARKETING_VERSION = 1.0;
				PRODUCT_BUNDLE_IDENTIFIER = ya.komainu.app.DiSample;
				PRODUCT_NAME = "$(TARGET_NAME)";
				STRING_CATALOG_GENERATE_SYMBOLS = YES;
				SWIFT_APPROACHABLE_CONCURRENCY = YES;
				SWIFT_DEFAULT_ACTOR_ISOLATION = MainActor;
				SWIFT_EMIT_LOC_STRINGS = YES;
				SWIFT_UPCOMING_FEATURE_MEMBER_IMPORT_VISIBILITY = YES;
				SWIFT_VERSION = 5.0;
				TARGETED_DEVICE_FAMILY = "1,2";
			};
			name = Release;
		};
		EB8D34392F5361B100A8E337 /* Debug */ = {
			isa = XCBuildConfiguration;
			buildSettings = {
				BUNDLE_LOADER = "$(TEST_HOST)";
				CODE_SIGN_STYLE = Automatic;
				CURRENT_PROJECT_VERSION = 1;
				GENERATE_INFOPLIST_FILE = YES;
				IPHONEOS_DEPLOYMENT_TARGET = 26.2;
				MARKETING_VERSION = 1.0;
				PRODUCT_BUNDLE_IDENTIFIER = ya.komainu.app.DiSampleTests;
				PRODUCT_NAME = "$(TARGET_NAME)";
				STRING_CATALOG_GENERATE_SYMBOLS = NO;
				SWIFT_APPROACHABLE_CONCURRENCY = YES;
				SWIFT_EMIT_LOC_STRINGS = NO;
				SWIFT_UPCOMING_FEATURE_MEMBER_IMPORT_VISIBILITY = YES;
				SWIFT_VERSION = 5.0;
				TARGETED_DEVICE_FAMILY = "1,2";
				TEST_HOST = "$(BUILT_PRODUCTS_DIR)/DiSample.app/$(BUNDLE_EXECUTABLE_FOLDER_PATH)/DiSample";
			};
			name = Debug;
		};
		EB8D343A2F5361B100A8E337 /* Release */ = {
			isa = XCBuildConfiguration;
			buildSettings = {
				BUNDLE_LOADER = "$(TEST_HOST)";
				CODE_SIGN_STYLE = Automatic;
				CURRENT_PROJECT_VERSION = 1;
				GENERATE_INFOPLIST_FILE = YES;
				IPHONEOS_DEPLOYMENT_TARGET = 26.2;
				MARKETING_VERSION = 1.0;
				PRODUCT_BUNDLE_IDENTIFIER = ya.komainu.app.DiSampleTests;
				PRODUCT_NAME = "$(TARGET_NAME)";
				STRING_CATALOG_GENERATE_SYMBOLS = NO;
				SWIFT_APPROACHABLE_CONCURRENCY = YES;
				SWIFT_EMIT_LOC_STRINGS = NO;
				SWIFT_UPCOMING_FEATURE_MEMBER_IMPORT_VISIBILITY = YES;
				SWIFT_VERSION = 5.0;
				TARGETED_DEVICE_FAMILY = "1,2";
				TEST_HOST = "$(BUILT_PRODUCTS_DIR)/DiSample.app/$(BUNDLE_EXECUTABLE_FOLDER_PATH)/DiSample";
			};
			name = Release;
		};
		EB8D343C2F5361B100A8E337 /* Debug */ = {
			isa = XCBuildConfiguration;
			buildSettings = {
				CODE_SIGN_STYLE = Automatic;
				CURRENT_PROJECT_VERSION = 1;
				GENERATE_INFOPLIST_FILE = YES;
				MARKETING_VERSION = 1.0;
				PRODUCT_BUNDLE_IDENTIFIER = ya.komainu.app.DiSampleUITests;
				PRODUCT_NAME = "$(TARGET_NAME)";
				STRING_CATALOG_GENERATE_SYMBOLS = NO;
				SWIFT_APPROACHABLE_CONCURRENCY = YES;
				SWIFT_EMIT_LOC_STRINGS = NO;
				SWIFT_UPCOMING_FEATURE_MEMBER_IMPORT_VISIBILITY = YES;
				SWIFT_VERSION = 5.0;
				TARGETED_DEVICE_FAMILY = "1,2";
				TEST_TARGET_NAME = DiSample;
			};
			name = Debug;
		};
		EB8D343D2F5361B100A8E337 /* Release */ = {
			isa = XCBuildConfiguration;
			buildSettings = {
				CODE_SIGN_STYLE = Automatic;
				CURRENT_PROJECT_VERSION = 1;
				GENERATE_INFOPLIST_FILE = YES;
				MARKETING_VERSION = 1.0;
				PRODUCT_BUNDLE_IDENTIFIER = ya.komainu.app.DiSampleUITests;
				PRODUCT_NAME = "$(TARGET_NAME)";
				STRING_CATALOG_GENERATE_SYMBOLS = NO;
				SWIFT_APPROACHABLE_CONCURRENCY = YES;
				SWIFT_EMIT_LOC_STRINGS = NO;
				SWIFT_UPCOMING_FEATURE_MEMBER_IMPORT_VISIBILITY = YES;
				SWIFT_VERSION = 5.0;
				TARGETED_DEVICE_FAMILY = "1,2";
				TEST_TARGET_NAME = DiSample;
			};
			name = Release;
		};
/* End XCBuildConfiguration section */

/* Begin XCConfigurationList section */
		EB8D340F2F5361B000A8E337 /* Build configuration list for PBXProject "DiSample" */ = {
			isa = XCConfigurationList;
			buildConfigurations = (
				EB8D34332F5361B100A8E337 /* Debug */,
				EB8D34342F5361B100A8E337 /* Release */,
			);
			defaultConfigurationIsVisible = 0;
			defaultConfigurationName = Release;
		};
		EB8D34352F5361B100A8E337 /* Build configuration list for PBXNativeTarget "DiSample" */ = {
			isa = XCConfigurationList;
			buildConfigurations = (
				EB8D34362F5361B100A8E337 /* Debug */,
				EB8D34372F5361B100A8E337 /* Release */,
			);
			defaultConfigurationIsVisible = 0;
			defaultConfigurationName = Release;
		};
		EB8D34382F5361B100A8E337 /* Build configuration list for PBXNativeTarget "DiSampleTests" */ = {
			isa = XCConfigurationList;
			buildConfigurations = (
				EB8D34392F5361B100A8E337 /* Debug */,
				EB8D343A2F5361B100A8E337 /* Release */,
			);
			defaultConfigurationIsVisible = 0;
			defaultConfigurationName = Release;
		};
		EB8D343B2F5361B100A8E337 /* Build configuration list for PBXNativeTarget "DiSampleUITests" */ = {
			isa = XCConfigurationList;
			buildConfigurations = (
				EB8D343C2F5361B100A8E337 /* Debug */,
				EB8D343D2F5361B100A8E337 /* Release */,
			);
			defaultConfigurationIsVisible = 0;
			defaultConfigurationName = Release;
		};
/* End XCConfigurationList section */

/* Begin XCRemoteSwiftPackageReference section */
		EB8D343E2F53620C00A8E337 /* XCRemoteSwiftPackageReference "swift-composable-architecture" */ = {
			isa = XCRemoteSwiftPackageReference;
			repositoryURL = "https://github.com/pointfreeco/swift-composable-architecture";
			requirement = {
				kind = upToNextMajorVersion;
				minimumVersion = 1.24.1;
			};
		};
/* End XCRemoteSwiftPackageReference section */

/* Begin XCSwiftPackageProductDependency section */
		EB8D343F2F53620C00A8E337 /* ComposableArchitecture */ = {
			isa = XCSwiftPackageProductDependency;
			package = EB8D343E2F53620C00A8E337 /* XCRemoteSwiftPackageReference "swift-composable-architecture" */;
			productName = ComposableArchitecture;
		};
		EB8D34682F53733D00A8E337 /* ClientModule */ = {
			isa = XCSwiftPackageProductDependency;
			productName = ClientModule;
		};
		EB8D346C2F53733E00A8E337 /* FeatureModule */ = {
			isa = XCSwiftPackageProductDependency;
			productName = FeatureModule;
		};
		EB8D34722F53794F00A8E337 /* InterfaceModule */ = {
			isa = XCSwiftPackageProductDependency;
			productName = InterfaceModule;
		};
		EB8D348A2F53798500A8E337 /* ImplementationModule */ = {
			isa = XCSwiftPackageProductDependency;
			productName = ImplementationModule;
		};
/* End XCSwiftPackageProductDependency section */
	};
	rootObject = EB8D340C2F5361B000A8E337 /* Project object */;
}
