// !$*UTF8*$!
{
	archiveVersion = 1;
	classes = {
	};
	objectVersion = 56;
	objects = {

/* Begin PBXBuildFile section */
		EB7FB1A42BD9356C001EB134 /* LocalLocalizeApp.swift in Sources */ = {isa = PBXBuildFile; fileRef = EB7FB1A32BD9356C001EB134 /* LocalLocalizeApp.swift */; };
		EB7FB1A62BD9356C001EB134 /* ContentView.swift in Sources */ = {isa = PBXBuildFile; fileRef = EB7FB1A52BD9356C001EB134 /* ContentView.swift */; };
		EB7FB1A82BD9356D001EB134 /* Assets.xcassets in Resources */ = {isa = PBXBuildFile; fileRef = EB7FB1A72BD9356D001EB134 /* Assets.xcassets */; };
		EB7FB1AB2BD9356D001EB134 /* Preview Assets.xcassets in Resources */ = {isa = PBXBuildFile; fileRef = EB7FB1AA2BD9356D001EB134 /* Preview Assets.xcassets */; };
		EB7FB1B52BD9356D001EB134 /* LocalLocalizeTests.swift in Sources */ = {isa = PBXBuildFile; fileRef = EB7FB1B42BD9356D001EB134 /* LocalLocalizeTests.swift */; };
		EB7FB1BF2BD9356D001EB134 /* LocalLocalizeUITests.swift in Sources */ = {isa = PBXBuildFile; fileRef = EB7FB1BE2BD9356D001EB134 /* LocalLocalizeUITests.swift */; };
		EB7FB1C12BD9356D001EB134 /* LocalLocalizeUITestsLaunchTests.swift in Sources */ = {isa = PBXBuildFile; fileRef = EB7FB1C02BD9356D001EB134 /* LocalLocalizeUITestsLaunchTests.swift */; };
		EB7FB1CE2BD935C4001EB134 /* Localizable.xcstrings in Resources */ = {isa = PBXBuildFile; fileRef = EB7FB1CD2BD935C4001EB134 /* Localizable.xcstrings */; };
		EB7FB1D02BD9376D001EB134 /* Extension.swift in Sources */ = {isa = PBXBuildFile; fileRef = EB7FB1CF2BD9376D001EB134 /* Extension.swift */; };
/* End PBXBuildFile section */

/* Begin PBXContainerItemProxy section */
		EB7FB1B12BD9356D001EB134 /* PBXContainerItemProxy */ = {
			isa = PBXContainerItemProxy;
			containerPortal = EB7FB1982BD9356C001EB134 /* Project object */;
			proxyType = 1;
			remoteGlobalIDString = EB7FB19F2BD9356C001EB134;
			remoteInfo = LocalLocalize;
		};
		EB7FB1BB2BD9356D001EB134 /* PBXContainerItemProxy */ = {
			isa = PBXContainerItemProxy;
			containerPortal = EB7FB1982BD9356C001EB134 /* Project object */;
			proxyType = 1;
			remoteGlobalIDString = EB7FB19F2BD9356C001EB134;
			remoteInfo = LocalLocalize;
		};
/* End PBXContainerItemProxy section */

/* Begin PBXFileReference section */
		EB7FB1A02BD9356C001EB134 /* LocalLocalize.app */ = {isa = PBXFileReference; explicitFileType = wrapper.application; includeInIndex = 0; path = LocalLocalize.app; sourceTree = BUILT_PRODUCTS_DIR; };
		EB7FB1A32BD9356C001EB134 /* LocalLocalizeApp.swift */ = {isa = PBXFileReference; lastKnownFileType = sourcecode.swift; path = LocalLocalizeApp.swift; sourceTree = "<group>"; };
		EB7FB1A52BD9356C001EB134 /* ContentView.swift */ = {isa = PBXFileReference; lastKnownFileType = sourcecode.swift; path = ContentView.swift; sourceTree = "<group>"; };
		EB7FB1A72BD9356D001EB134 /* Assets.xcassets */ = {isa = PBXFileReference; lastKnownFileType = folder.assetcatalog; path = Assets.xcassets; sourceTree = "<group>"; };
		EB7FB1AA2BD9356D001EB134 /* Preview Assets.xcassets */ = {isa = PBXFileReference; lastKnownFileType = folder.assetcatalog; path = "Preview Assets.xcassets"; sourceTree = "<group>"; };
		EB7FB1B02BD9356D001EB134 /* LocalLocalizeTests.xctest */ = {isa = PBXFileReference; explicitFileType = wrapper.cfbundle; includeInIndex = 0; path = LocalLocalizeTests.xctest; sourceTree = BUILT_PRODUCTS_DIR; };
		EB7FB1B42BD9356D001EB134 /* LocalLocalizeTests.swift */ = {isa = PBXFileReference; lastKnownFileType = sourcecode.swift; path = LocalLocalizeTests.swift; sourceTree = "<group>"; };
		EB7FB1BA2BD9356D001EB134 /* LocalLocalizeUITests.xctest */ = {isa = PBXFileReference; explicitFileType = wrapper.cfbundle; includeInIndex = 0; path = LocalLocalizeUITests.xctest; sourceTree = BUILT_PRODUCTS_DIR; };
		EB7FB1BE2BD9356D001EB134 /* LocalLocalizeUITests.swift */ = {isa = PBXFileReference; lastKnownFileType = sourcecode.swift; path = LocalLocalizeUITests.swift; sourceTree = "<group>"; };
		EB7FB1C02BD9356D001EB134 /* LocalLocalizeUITestsLaunchTests.swift */ = {isa = PBXFileReference; lastKnownFileType = sourcecode.swift; path = LocalLocalizeUITestsLaunchTests.swift; sourceTree = "<group>"; };
		EB7FB1CD2BD935C4001EB134 /* Localizable.xcstrings */ = {isa = PBXFileReference; lastKnownFileType = text.json.xcstrings; path = Localizable.xcstrings; sourceTree = "<group>"; };
		EB7FB1CF2BD9376D001EB134 /* Extension.swift */ = {isa = PBXFileReference; lastKnownFileType = sourcecode.swift; path = Extension.swift; sourceTree = "<group>"; };
/* End PBXFileReference section */

/* Begin PBXFrameworksBuildPhase section */
		EB7FB19D2BD9356C001EB134 /* Frameworks */ = {
			isa = PBXFrameworksBuildPhase;
			buildActionMask = 2147483647;
			files = (
			);
			runOnlyForDeploymentPostprocessing = 0;
		};
		EB7FB1AD2BD9356D001EB134 /* Frameworks */ = {
			isa = PBXFrameworksBuildPhase;
			buildActionMask = 2147483647;
			files = (
			);
			runOnlyForDeploymentPostprocessing = 0;
		};
		EB7FB1B72BD9356D001EB134 /* Frameworks */ = {
			isa = PBXFrameworksBuildPhase;
			buildActionMask = 2147483647;
			files = (
			);
			runOnlyForDeploymentPostprocessing = 0;
		};
/* End PBXFrameworksBuildPhase section */

/* Begin PBXGroup section */
		EB7FB1972BD9356C001EB134 = {
			isa = PBXGroup;
			children = (
				EB7FB1CD2BD935C4001EB134 /* Localizable.xcstrings */,
				EB7FB1A22BD9356C001EB134 /* LocalLocalize */,
				EB7FB1B32BD9356D001EB134 /* LocalLocalizeTests */,
				EB7FB1BD2BD9356D001EB134 /* LocalLocalizeUITests */,
				EB7FB1A12BD9356C001EB134 /* Products */,
			);
			sourceTree = "<group>";
		};
		EB7FB1A12BD9356C001EB134 /* Products */ = {
			isa = PBXGroup;
			children = (
				EB7FB1A02BD9356C001EB134 /* LocalLocalize.app */,
				EB7FB1B02BD9356D001EB134 /* LocalLocalizeTests.xctest */,
				EB7FB1BA2BD9356D001EB134 /* LocalLocalizeUITests.xctest */,
			);
			name = Products;
			sourceTree = "<group>";
		};
		EB7FB1A22BD9356C001EB134 /* LocalLocalize */ = {
			isa = PBXGroup;
			children = (
				EB7FB1A32BD9356C001EB134 /* LocalLocalizeApp.swift */,
				EB7FB1A52BD9356C001EB134 /* ContentView.swift */,
				EB7FB1A72BD9356D001EB134 /* Assets.xcassets */,
				EB7FB1A92BD9356D001EB134 /* Preview Content */,
				EB7FB1CF2BD9376D001EB134 /* Extension.swift */,
			);
			path = LocalLocalize;
			sourceTree = "<group>";
		};
		EB7FB1A92BD9356D001EB134 /* Preview Content */ = {
			isa = PBXGroup;
			children = (
				EB7FB1AA2BD9356D001EB134 /* Preview Assets.xcassets */,
			);
			path = "Preview Content";
			sourceTree = "<group>";
		};
		EB7FB1B32BD9356D001EB134 /* LocalLocalizeTests */ = {
			isa = PBXGroup;
			children = (
				EB7FB1B42BD9356D001EB134 /* LocalLocalizeTests.swift */,
			);
			path = LocalLocalizeTests;
			sourceTree = "<group>";
		};
		EB7FB1BD2BD9356D001EB134 /* LocalLocalizeUITests */ = {
			isa = PBXGroup;
			children = (
				EB7FB1BE2BD9356D001EB134 /* LocalLocalizeUITests.swift */,
				EB7FB1C02BD9356D001EB134 /* LocalLocalizeUITestsLaunchTests.swift */,
			);
			path = LocalLocalizeUITests;
			sourceTree = "<group>";
		};
/* End PBXGroup section */

/* Begin PBXNativeTarget section */
		EB7FB19F2BD9356C001EB134 /* LocalLocalize */ = {
			isa = PBXNativeTarget;
			buildConfigurationList = EB7FB1C42BD9356D001EB134 /* Build configuration list for PBXNativeTarget "LocalLocalize" */;
			buildPhases = (
				EB7FB19C2BD9356C001EB134 /* Sources */,
				EB7FB19D2BD9356C001EB134 /* Frameworks */,
				EB7FB19E2BD9356C001EB134 /* Resources */,
			);
			buildRules = (
			);
			dependencies = (
			);
			name = LocalLocalize;
			productName = LocalLocalize;
			productReference = EB7FB1A02BD9356C001EB134 /* LocalLocalize.app */;
			productType = "com.apple.product-type.application";
		};
		EB7FB1AF2BD9356D001EB134 /* LocalLocalizeTests */ = {
			isa = PBXNativeTarget;
			buildConfigurationList = EB7FB1C72BD9356D001EB134 /* Build configuration list for PBXNativeTarget "LocalLocalizeTests" */;
			buildPhases = (
				EB7FB1AC2BD9356D001EB134 /* Sources */,
				EB7FB1AD2BD9356D001EB134 /* Frameworks */,
				EB7FB1AE2BD9356D001EB134 /* Resources */,
			);
			buildRules = (
			);
			dependencies = (
				EB7FB1B22BD9356D001EB134 /* PBXTargetDependency */,
			);
			name = LocalLocalizeTests;
			productName = LocalLocalizeTests;
			productReference = EB7FB1B02BD9356D001EB134 /* LocalLocalizeTests.xctest */;
			productType = "com.apple.product-type.bundle.unit-test";
		};
		EB7FB1B92BD9356D001EB134 /* LocalLocalizeUITests */ = {
			isa = PBXNativeTarget;
			buildConfigurationList = EB7FB1CA2BD9356D001EB134 /* Build configuration list for PBXNativeTarget "LocalLocalizeUITests" */;
			buildPhases = (
				EB7FB1B62BD9356D001EB134 /* Sources */,
				EB7FB1B72BD9356D001EB134 /* Frameworks */,
				EB7FB1B82BD9356D001EB134 /* Resources */,
			);
			buildRules = (
			);
			dependencies = (
				EB7FB1BC2BD9356D001EB134 /* PBXTargetDependency */,
			);
			name = LocalLocalizeUITests;
			productName = LocalLocalizeUITests;
			productReference = EB7FB1BA2BD9356D001EB134 /* LocalLocalizeUITests.xctest */;
			productType = "com.apple.product-type.bundle.ui-testing";
		};
/* End PBXNativeTarget section */

/* Begin PBXProject section */
		EB7FB1982BD9356C001EB134 /* Project object */ = {
			isa = PBXProject;
			attributes = {
				BuildIndependentTargetsInParallel = 1;
				LastSwiftUpdateCheck = 1530;
				LastUpgradeCheck = 1530;
				TargetAttributes = {
					EB7FB19F2BD9356C001EB134 = {
						CreatedOnToolsVersion = 15.3;
					};
					EB7FB1AF2BD9356D001EB134 = {
						CreatedOnToolsVersion = 15.3;
						TestTargetID = EB7FB19F2BD9356C001EB134;
					};
					EB7FB1B92BD9356D001EB134 = {
						CreatedOnToolsVersion = 15.3;
						TestTargetID = EB7FB19F2BD9356C001EB134;
					};
				};
			};
			buildConfigurationList = EB7FB19B2BD9356C001EB134 /* Build configuration list for PBXProject "LocalLocalize" */;
			compatibilityVersion = "Xcode 14.0";
			developmentRegion = en;
			hasScannedForEncodings = 0;
			knownRegions = (
				en,
				Base,
				ja,
			);
			mainGroup = EB7FB1972BD9356C001EB134;
			productRefGroup = EB7FB1A12BD9356C001EB134 /* Products */;
			projectDirPath = "";
			projectRoot = "";
			targets = (
				EB7FB19F2BD9356C001EB134 /* LocalLocalize */,
				EB7FB1AF2BD9356D001EB134 /* LocalLocalizeTests */,
				EB7FB1B92BD9356D001EB134 /* LocalLocalizeUITests */,
			);
		};
/* End PBXProject section */

/* Begin PBXResourcesBuildPhase section */
		EB7FB19E2BD9356C001EB134 /* Resources */ = {
			isa = PBXResourcesBuildPhase;
			buildActionMask = 2147483647;
			files = (
				EB7FB1AB2BD9356D001EB134 /* Preview Assets.xcassets in Resources */,
				EB7FB1A82BD9356D001EB134 /* Assets.xcassets in Resources */,
				EB7FB1CE2BD935C4001EB134 /* Localizable.xcstrings in Resources */,
			);
			runOnlyForDeploymentPostprocessing = 0;
		};
		EB7FB1AE2BD9356D001EB134 /* Resources */ = {
			isa = PBXResourcesBuildPhase;
			buildActionMask = 2147483647;
			files = (
			);
			runOnlyForDeploymentPostprocessing = 0;
		};
		EB7FB1B82BD9356D001EB134 /* Resources */ = {
			isa = PBXResourcesBuildPhase;
			buildActionMask = 2147483647;
			files = (
			);
			runOnlyForDeploymentPostprocessing = 0;
		};
/* End PBXResourcesBuildPhase section */

/* Begin PBXSourcesBuildPhase section */
		EB7FB19C2BD9356C001EB134 /* Sources */ = {
			isa = PBXSourcesBuildPhase;
			buildActionMask = 2147483647;
			files = (
				EB7FB1D02BD9376D001EB134 /* Extension.swift in Sources */,
				EB7FB1A62BD9356C001EB134 /* ContentView.swift in Sources */,
				EB7FB1A42BD9356C001EB134 /* LocalLocalizeApp.swift in Sources */,
			);
			runOnlyForDeploymentPostprocessing = 0;
		};
		EB7FB1AC2BD9356D001EB134 /* Sources */ = {
			isa = PBXSourcesBuildPhase;
			buildActionMask = 2147483647;
			files = (
				EB7FB1B52BD9356D001EB134 /* LocalLocalizeTests.swift in Sources */,
			);
			runOnlyForDeploymentPostprocessing = 0;
		};
		EB7FB1B62BD9356D001EB134 /* Sources */ = {
			isa = PBXSourcesBuildPhase;
			buildActionMask = 2147483647;
			files = (
				EB7FB1BF2BD9356D001EB134 /* LocalLocalizeUITests.swift in Sources */,
				EB7FB1C12BD9356D001EB134 /* LocalLocalizeUITestsLaunchTests.swift in Sources */,
			);
			runOnlyForDeploymentPostprocessing = 0;
		};
/* End PBXSourcesBuildPhase section */

/* Begin PBXTargetDependency section */
		EB7FB1B22BD9356D001EB134 /* PBXTargetDependency */ = {
			isa = PBXTargetDependency;
			target = EB7FB19F2BD9356C001EB134 /* LocalLocalize */;
			targetProxy = EB7FB1B12BD9356D001EB134 /* PBXContainerItemProxy */;
		};
		EB7FB1BC2BD9356D001EB134 /* PBXTargetDependency */ = {
			isa = PBXTargetDependency;
			target = EB7FB19F2BD9356C001EB134 /* LocalLocalize */;
			targetProxy = EB7FB1BB2BD9356D001EB134 /* PBXContainerItemProxy */;
		};
/* End PBXTargetDependency section */

/* Begin XCBuildConfiguration section */
		EB7FB1C22BD9356D001EB134 /* Debug */ = {
			isa = XCBuildConfiguration;
			buildSettings = {
				ALWAYS_SEARCH_USER_PATHS = NO;
				ASSETCATALOG_COMPILER_GENERATE_SWIFT_ASSET_SYMBOL_EXTENSIONS = YES;
				CLANG_ANALYZER_NONNULL = YES;
				CLANG_ANALYZER_NUMBER_OBJECT_CONVERSION = YES_AGGRESSIVE;
				CLANG_CXX_LANGUAGE_STANDARD = "gnu++20";
				CLANG_ENABLE_MODULES = YES;
				CLANG_ENABLE_OBJC_ARC = YES;
				CLANG_ENABLE_OBJC_WEAK = YES;
				CLANG_WARN_BLOCK_CAPTURE_AUTORELEASING = YES;
				CLANG_WARN_BOOL_CONVERSION = YES;
				CLANG_WARN_COMMA = YES;
				CLANG_WARN_CONSTANT_CONVERSION = YES;
				CLANG_WARN_DEPRECATED_OBJC_IMPLEMENTATIONS = YES;
				CLANG_WARN_DIRECT_OBJC_ISA_USAGE = YES_ERROR;
				CLANG_WARN_DOCUMENTATION_COMMENTS = YES;
				CLANG_WARN_EMPTY_BODY = YES;
				CLANG_WARN_ENUM_CONVERSION = YES;
				CLANG_WARN_INFINITE_RECURSION = YES;
				CLANG_WARN_INT_CONVERSION = YES;
				CLANG_WARN_NON_LITERAL_NULL_CONVERSION = YES;
				CLANG_WARN_OBJC_IMPLICIT_RETAIN_SELF = YES;
				CLANG_WARN_OBJC_LITERAL_CONVERSION = YES;
				CLANG_WARN_OBJC_ROOT_CLASS = YES_ERROR;
				CLANG_WARN_QUOTED_INCLUDE_IN_FRAMEWORK_HEADER = YES;
				CLANG_WARN_RANGE_LOOP_ANALYSIS = YES;
				CLANG_WARN_STRICT_PROTOTYPES = YES;
				CLANG_WARN_SUSPICIOUS_MOVE = YES;
				CLANG_WARN_UNGUARDED_AVAILABILITY = YES_AGGRESSIVE;
				CLANG_WARN_UNREACHABLE_CODE = YES;
				CLANG_WARN__DUPLICATE_METHOD_MATCH = YES;
				COPY_PHASE_STRIP = NO;
				DEBUG_INFORMATION_FORMAT = dwarf;
				ENABLE_STRICT_OBJC_MSGSEND = YES;
				ENABLE_TESTABILITY = YES;
				ENABLE_USER_SCRIPT_SANDBOXING = YES;
				GCC_C_LANGUAGE_STANDARD = gnu17;
				GCC_DYNAMIC_NO_PIC = NO;
				GCC_NO_COMMON_BLOCKS = YES;
				GCC_OPTIMIZATION_LEVEL = 0;
				GCC_PREPROCESSOR_DEFINITIONS = (
					"DEBUG=1",
					"$(inherited)",
				);
				GCC_WARN_64_TO_32_BIT_CONVERSION = YES;
				GCC_WARN_ABOUT_RETURN_TYPE = YES_ERROR;
				GCC_WARN_UNDECLARED_SELECTOR = YES;
				GCC_WARN_UNINITIALIZED_AUTOS = YES_AGGRESSIVE;
				GCC_WARN_UNUSED_FUNCTION = YES;
				GCC_WARN_UNUSED_VARIABLE = YES;
				IPHONEOS_DEPLOYMENT_TARGET = 17.4;
				LOCALIZATION_PREFERS_STRING_CATALOGS = YES;
				MTL_ENABLE_DEBUG_INFO = INCLUDE_SOURCE;
				MTL_FAST_MATH = YES;
				ONLY_ACTIVE_ARCH = YES;
				SDKROOT = iphoneos;
				SWIFT_ACTIVE_COMPILATION_CONDITIONS = "DEBUG $(inherited)";
				SWIFT_OPTIMIZATION_LEVEL = "-Onone";
			};
			name = Debug;
		};
		EB7FB1C32BD9356D001EB134 /* Release */ = {
			isa = XCBuildConfiguration;
			buildSettings = {
				ALWAYS_SEARCH_USER_PATHS = NO;
				ASSETCATALOG_COMPILER_GENERATE_SWIFT_ASSET_SYMBOL_EXTENSIONS = YES;
				CLANG_ANALYZER_NONNULL = YES;
				CLANG_ANALYZER_NUMBER_OBJECT_CONVERSION = YES_AGGRESSIVE;
				CLANG_CXX_LANGUAGE_STANDARD = "gnu++20";
				CLANG_ENABLE_MODULES = YES;
				CLANG_ENABLE_OBJC_ARC = YES;
				CLANG_ENABLE_OBJC_WEAK = YES;
				CLANG_WARN_BLOCK_CAPTURE_AUTORELEASING = YES;
				CLANG_WARN_BOOL_CONVERSION = YES;
				CLANG_WARN_COMMA = YES;
				CLANG_WARN_CONSTANT_CONVERSION = YES;
				CLANG_WARN_DEPRECATED_OBJC_IMPLEMENTATIONS = YES;
				CLANG_WARN_DIRECT_OBJC_ISA_USAGE = YES_ERROR;
				CLANG_WARN_DOCUMENTATION_COMMENTS = YES;
				CLANG_WARN_EMPTY_BODY = YES;
				CLANG_WARN_ENUM_CONVERSION = YES;
				CLANG_WARN_INFINITE_RECURSION = YES;
				CLANG_WARN_INT_CONVERSION = YES;
				CLANG_WARN_NON_LITERAL_NULL_CONVERSION = YES;
				CLANG_WARN_OBJC_IMPLICIT_RETAIN_SELF = YES;
				CLANG_WARN_OBJC_LITERAL_CONVERSION = YES;
				CLANG_WARN_OBJC_ROOT_CLASS = YES_ERROR;
				CLANG_WARN_QUOTED_INCLUDE_IN_FRAMEWORK_HEADER = YES;
				CLANG_WARN_RANGE_LOOP_ANALYSIS = YES;
				CLANG_WARN_STRICT_PROTOTYPES = YES;
				CLANG_WARN_SUSPICIOUS_MOVE = YES;
				CLANG_WARN_UNGUARDED_AVAILABILITY = YES_AGGRESSIVE;
				CLANG_WARN_UNREACHABLE_CODE = YES;
				CLANG_WARN__DUPLICATE_METHOD_MATCH = YES;
				COPY_PHASE_STRIP = NO;
				DEBUG_INFORMATION_FORMAT = "dwarf-with-dsym";
				ENABLE_NS_ASSERTIONS = NO;
				ENABLE_STRICT_OBJC_MSGSEND = YES;
				ENABLE_USER_SCRIPT_SANDBOXING = YES;
				GCC_C_LANGUAGE_STANDARD = gnu17;
				GCC_NO_COMMON_BLOCKS = YES;
				GCC_WARN_64_TO_32_BIT_CONVERSION = YES;
				GCC_WARN_ABOUT_RETURN_TYPE = YES_ERROR;
				GCC_WARN_UNDECLARED_SELECTOR = YES;
				GCC_WARN_UNINITIALIZED_AUTOS = YES_AGGRESSIVE;
				GCC_WARN_UNUSED_FUNCTION = YES;
				GCC_WARN_UNUSED_VARIABLE = YES;
				IPHONEOS_DEPLOYMENT_TARGET = 17.4;
				LOCALIZATION_PREFERS_STRING_CATALOGS = YES;
				MTL_ENABLE_DEBUG_INFO = NO;
				MTL_FAST_MATH = YES;
				SDKROOT = iphoneos;
				SWIFT_COMPILATION_MODE = wholemodule;
				VALIDATE_PRODUCT = YES;
			};
			name = Release;
		};
		EB7FB1C52BD9356D001EB134 /* Debug */ = {
			isa = XCBuildConfiguration;
			buildSettings = {
				ASSETCATALOG_COMPILER_APPICON_NAME = AppIcon;
				ASSETCATALOG_COMPILER_GLOBAL_ACCENT_COLOR_NAME = AccentColor;
				CODE_SIGN_STYLE = Automatic;
				CURRENT_PROJECT_VERSION = 1;
				DEVELOPMENT_ASSET_PATHS = "\"LocalLocalize/Preview Content\"";
				ENABLE_PREVIEWS = YES;
				GENERATE_INFOPLIST_FILE = YES;
				INFOPLIST_KEY_UIApplicationSceneManifest_Generation = YES;
				INFOPLIST_KEY_UIApplicationSupportsIndirectInputEvents = YES;
				INFOPLIST_KEY_UILaunchScreen_Generation = YES;
				INFOPLIST_KEY_UISupportedInterfaceOrientations_iPad = "UIInterfaceOrientationPortrait UIInterfaceOrientationPortraitUpsideDown UIInterfaceOrientationLandscapeLeft UIInterfaceOrientationLandscapeRight";
				INFOPLIST_KEY_UISupportedInterfaceOrientations_iPhone = "UIInterfaceOrientationPortrait UIInterfaceOrientationLandscapeLeft UIInterfaceOrientationLandscapeRight";
				LD_RUNPATH_SEARCH_PATHS = (
					"$(inherited)",
					"@executable_path/Frameworks",
				);
				MARKETING_VERSION = 1.0;
				PRODUCT_BUNDLE_IDENTIFIER = ya.komainu.app.localLocalize.LocalLocalize;
				PRODUCT_NAME = "$(TARGET_NAME)";
				SWIFT_EMIT_LOC_STRINGS = YES;
				SWIFT_VERSION = 5.0;
				TARGETED_DEVICE_FAMILY = "1,2";
			};
			name = Debug;
		};
		EB7FB1C62BD9356D001EB134 /* Release */ = {
			isa = XCBuildConfiguration;
			buildSettings = {
				ASSETCATALOG_COMPILER_APPICON_NAME = AppIcon;
				ASSETCATALOG_COMPILER_GLOBAL_ACCENT_COLOR_NAME = AccentColor;
				CODE_SIGN_STYLE = Automatic;
				CURRENT_PROJECT_VERSION = 1;
				DEVELOPMENT_ASSET_PATHS = "\"LocalLocalize/Preview Content\"";
				ENABLE_PREVIEWS = YES;
				GENERATE_INFOPLIST_FILE = YES;
				INFOPLIST_KEY_UIApplicationSceneManifest_Generation = YES;
				INFOPLIST_KEY_UIApplicationSupportsIndirectInputEvents = YES;
				INFOPLIST_KEY_UILaunchScreen_Generation = YES;
				INFOPLIST_KEY_UISupportedInterfaceOrientations_iPad = "UIInterfaceOrientationPortrait UIInterfaceOrientationPortraitUpsideDown UIInterfaceOrientationLandscapeLeft UIInterfaceOrientationLandscapeRight";
				INFOPLIST_KEY_UISupportedInterfaceOrientations_iPhone = "UIInterfaceOrientationPortrait UIInterfaceOrientationLandscapeLeft UIInterfaceOrientationLandscapeRight";
				LD_RUNPATH_SEARCH_PATHS = (
					"$(inherited)",
					"@executable_path/Frameworks",
				);
				MARKETING_VERSION = 1.0;
				PRODUCT_BUNDLE_IDENTIFIER = ya.komainu.app.localLocalize.LocalLocalize;
				PRODUCT_NAME = "$(TARGET_NAME)";
				SWIFT_EMIT_LOC_STRINGS = YES;
				SWIFT_VERSION = 5.0;
				TARGETED_DEVICE_FAMILY = "1,2";
			};
			name = Release;
		};
		EB7FB1C82BD9356D001EB134 /* Debug */ = {
			isa = XCBuildConfiguration;
			buildSettings = {
				ALWAYS_EMBED_SWIFT_STANDARD_LIBRARIES = YES;
				BUNDLE_LOADER = "$(TEST_HOST)";
				CODE_SIGN_STYLE = Automatic;
				CURRENT_PROJECT_VERSION = 1;
				GENERATE_INFOPLIST_FILE = YES;
				IPHONEOS_DEPLOYMENT_TARGET = 17.4;
				MARKETING_VERSION = 1.0;
				PRODUCT_BUNDLE_IDENTIFIER = ya.komainu.app.localLocalize.LocalLocalizeTests;
				PRODUCT_NAME = "$(TARGET_NAME)";
				SWIFT_EMIT_LOC_STRINGS = NO;
				SWIFT_VERSION = 5.0;
				TARGETED_DEVICE_FAMILY = "1,2";
				TEST_HOST = "$(BUILT_PRODUCTS_DIR)/LocalLocalize.app/$(BUNDLE_EXECUTABLE_FOLDER_PATH)/LocalLocalize";
			};
			name = Debug;
		};
		EB7FB1C92BD9356D001EB134 /* Release */ = {
			isa = XCBuildConfiguration;
			buildSettings = {
				ALWAYS_EMBED_SWIFT_STANDARD_LIBRARIES = YES;
				BUNDLE_LOADER = "$(TEST_HOST)";
				CODE_SIGN_STYLE = Automatic;
				CURRENT_PROJECT_VERSION = 1;
				GENERATE_INFOPLIST_FILE = YES;
				IPHONEOS_DEPLOYMENT_TARGET = 17.4;
				MARKETING_VERSION = 1.0;
				PRODUCT_BUNDLE_IDENTIFIER = ya.komainu.app.localLocalize.LocalLocalizeTests;
				PRODUCT_NAME = "$(TARGET_NAME)";
				SWIFT_EMIT_LOC_STRINGS = NO;
				SWIFT_VERSION = 5.0;
				TARGETED_DEVICE_FAMILY = "1,2";
				TEST_HOST = "$(BUILT_PRODUCTS_DIR)/LocalLocalize.app/$(BUNDLE_EXECUTABLE_FOLDER_PATH)/LocalLocalize";
			};
			name = Release;
		};
		EB7FB1CB2BD9356D001EB134 /* Debug */ = {
			isa = XCBuildConfiguration;
			buildSettings = {
				ALWAYS_EMBED_SWIFT_STANDARD_LIBRARIES = YES;
				CODE_SIGN_STYLE = Automatic;
				CURRENT_PROJECT_VERSION = 1;
				GENERATE_INFOPLIST_FILE = YES;
				MARKETING_VERSION = 1.0;
				PRODUCT_BUNDLE_IDENTIFIER = ya.komainu.app.localLocalize.LocalLocalizeUITests;
				PRODUCT_NAME = "$(TARGET_NAME)";
				SWIFT_EMIT_LOC_STRINGS = NO;
				SWIFT_VERSION = 5.0;
				TARGETED_DEVICE_FAMILY = "1,2";
				TEST_TARGET_NAME = LocalLocalize;
			};
			name = Debug;
		};
		EB7FB1CC2BD9356D001EB134 /* Release */ = {
			isa = XCBuildConfiguration;
			buildSettings = {
				ALWAYS_EMBED_SWIFT_STANDARD_LIBRARIES = YES;
				CODE_SIGN_STYLE = Automatic;
				CURRENT_PROJECT_VERSION = 1;
				GENERATE_INFOPLIST_FILE = YES;
				MARKETING_VERSION = 1.0;
				PRODUCT_BUNDLE_IDENTIFIER = ya.komainu.app.localLocalize.LocalLocalizeUITests;
				PRODUCT_NAME = "$(TARGET_NAME)";
				SWIFT_EMIT_LOC_STRINGS = NO;
				SWIFT_VERSION = 5.0;
				TARGETED_DEVICE_FAMILY = "1,2";
				TEST_TARGET_NAME = LocalLocalize;
			};
			name = Release;
		};
/* End XCBuildConfiguration section */

/* Begin XCConfigurationList section */
		EB7FB19B2BD9356C001EB134 /* Build configuration list for PBXProject "LocalLocalize" */ = {
			isa = XCConfigurationList;
			buildConfigurations = (
				EB7FB1C22BD9356D001EB134 /* Debug */,
				EB7FB1C32BD9356D001EB134 /* Release */,
			);
			defaultConfigurationIsVisible = 0;
			defaultConfigurationName = Release;
		};
		EB7FB1C42BD9356D001EB134 /* Build configuration list for PBXNativeTarget "LocalLocalize" */ = {
			isa = XCConfigurationList;
			buildConfigurations = (
				EB7FB1C52BD9356D001EB134 /* Debug */,
				EB7FB1C62BD9356D001EB134 /* Release */,
			);
			defaultConfigurationIsVisible = 0;
			defaultConfigurationName = Release;
		};
		EB7FB1C72BD9356D001EB134 /* Build configuration list for PBXNativeTarget "LocalLocalizeTests" */ = {
			isa = XCConfigurationList;
			buildConfigurations = (
				EB7FB1C82BD9356D001EB134 /* Debug */,
				EB7FB1C92BD9356D001EB134 /* Release */,
			);
			defaultConfigurationIsVisible = 0;
			defaultConfigurationName = Release;
		};
		EB7FB1CA2BD9356D001EB134 /* Build configuration list for PBXNativeTarget "LocalLocalizeUITests" */ = {
			isa = XCConfigurationList;
			buildConfigurations = (
				EB7FB1CB2BD9356D001EB134 /* Debug */,
				EB7FB1CC2BD9356D001EB134 /* Release */,
			);
			defaultConfigurationIsVisible = 0;
			defaultConfigurationName = Release;
		};
/* End XCConfigurationList section */
	};
	rootObject = EB7FB1982BD9356C001EB134 /* Project object */;
}
